// !$*UTF8*$!
{
	archiveVersion = 1;
	classes = {
	};
	objectVersion = 46;
	objects = {

/* Begin PBXBuildFile section */
		3771C3ED1D32550E009CB0E4 /* AppDelegate.swift in Sources */ = {isa = PBXBuildFile; fileRef = 3771C3EC1D32550E009CB0E4 /* AppDelegate.swift */; };
		3771C3EF1D32550E009CB0E4 /* ViewController.swift in Sources */ = {isa = PBXBuildFile; fileRef = 3771C3EE1D32550E009CB0E4 /* ViewController.swift */; };
		3771C3F21D32550E009CB0E4 /* Main.storyboard in Resources */ = {isa = PBXBuildFile; fileRef = 3771C3F01D32550E009CB0E4 /* Main.storyboard */; };
		3771C3F41D32550E009CB0E4 /* Assets.xcassets in Resources */ = {isa = PBXBuildFile; fileRef = 3771C3F31D32550E009CB0E4 /* Assets.xcassets */; };
		3771C3F71D32550E009CB0E4 /* LaunchScreen.storyboard in Resources */ = {isa = PBXBuildFile; fileRef = 3771C3F51D32550E009CB0E4 /* LaunchScreen.storyboard */; };
		3771C4021D32550E009CB0E4 /* TypedChainingOperationsTests.swift in Sources */ = {isa = PBXBuildFile; fileRef = 3771C4011D32550E009CB0E4 /* TypedChainingOperationsTests.swift */; };
		3771C4821D328D29009CB0E4 /* OperationChain.swift in Sources */ = {isa = PBXBuildFile; fileRef = 3771C4811D328D29009CB0E4 /* OperationChain.swift */; };
		3771C4841D328D72009CB0E4 /* ChainableOperation.swift in Sources */ = {isa = PBXBuildFile; fileRef = 3771C4831D328D72009CB0E4 /* ChainableOperation.swift */; };
		3771C4881D328EC1009CB0E4 /* TestChainableOperations.swift in Sources */ = {isa = PBXBuildFile; fileRef = 3771C4871D328EC1009CB0E4 /* TestChainableOperations.swift */; };
		377CEDE21D7AA018000F6AB2 /* BaseAsynchronousOperation.swift in Sources */ = {isa = PBXBuildFile; fileRef = 377CEDE11D7AA018000F6AB2 /* BaseAsynchronousOperation.swift */; };
		377CEDE51D7AA376000F6AB2 /* Result.swift in Sources */ = {isa = PBXBuildFile; fileRef = 377CEDE41D7AA376000F6AB2 /* Result.swift */; };
		37D4E6601D3409D60027DAA7 /* OperationQueue+AddOperationChain.swift in Sources */ = {isa = PBXBuildFile; fileRef = 37D4E65F1D3409D60027DAA7 /* OperationQueue+AddOperationChain.swift */; };
		37E8770F1D65CEA900BDD779 /* RetrieveArtistFromFileOperation.swift in Sources */ = {isa = PBXBuildFile; fileRef = 37E8770E1D65CEA900BDD779 /* RetrieveArtistFromFileOperation.swift */; };
		37E877111D65D14C00BDD779 /* GetArtistAlbumsOperation.swift in Sources */ = {isa = PBXBuildFile; fileRef = 37E877101D65D14C00BDD779 /* GetArtistAlbumsOperation.swift */; };
		37E877131D65D71900BDD779 /* KeyValueService.swift in Sources */ = {isa = PBXBuildFile; fileRef = 37E877121D65D71900BDD779 /* KeyValueService.swift */; };
		37E877151D65D73000BDD779 /* KeyValueStore.swift in Sources */ = {isa = PBXBuildFile; fileRef = 37E877141D65D73000BDD779 /* KeyValueStore.swift */; };
		37E877171D65D7C100BDD779 /* SaveFavouriteAlbumsOperation.swift in Sources */ = {isa = PBXBuildFile; fileRef = 37E877161D65D7C100BDD779 /* SaveFavouriteAlbumsOperation.swift */; };
		37E877191D65E13600BDD779 /* FavouriteArtistViewController.swift in Sources */ = {isa = PBXBuildFile; fileRef = 37E877181D65E13600BDD779 /* FavouriteArtistViewController.swift */; };
		37E8771B1D65E1A900BDD779 /* FavouriteArtistViewController.xib in Resources */ = {isa = PBXBuildFile; fileRef = 37E8771A1D65E1A900BDD779 /* FavouriteArtistViewController.xib */; };
		37E8771D1D65E5A000BDD779 /* Album.swift in Sources */ = {isa = PBXBuildFile; fileRef = 37E8771C1D65E5A000BDD779 /* Album.swift */; };
		37E8771F1D65E5C100BDD779 /* RequestManager.swift in Sources */ = {isa = PBXBuildFile; fileRef = 37E8771E1D65E5C100BDD779 /* RequestManager.swift */; };
		37E877281D65E6DA00BDD779 /* ArtistTableViewCell.swift in Sources */ = {isa = PBXBuildFile; fileRef = 37E877261D65E6DA00BDD779 /* ArtistTableViewCell.swift */; };
/* End PBXBuildFile section */

/* Begin PBXContainerItemProxy section */
		3771C3FE1D32550E009CB0E4 /* PBXContainerItemProxy */ = {
			isa = PBXContainerItemProxy;
			containerPortal = 3771C3E11D32550D009CB0E4 /* Project object */;
			proxyType = 1;
			remoteGlobalIDString = 3771C3E81D32550D009CB0E4;
			remoteInfo = TypedChainingOperations;
		};
/* End PBXContainerItemProxy section */

/* Begin PBXFileReference section */
		3771C3E91D32550D009CB0E4 /* TypedChainingOperations.app */ = {isa = PBXFileReference; explicitFileType = wrapper.application; includeInIndex = 0; path = TypedChainingOperations.app; sourceTree = BUILT_PRODUCTS_DIR; };
		3771C3EC1D32550E009CB0E4 /* AppDelegate.swift */ = {isa = PBXFileReference; lastKnownFileType = sourcecode.swift; path = AppDelegate.swift; sourceTree = "<group>"; };
		3771C3EE1D32550E009CB0E4 /* ViewController.swift */ = {isa = PBXFileReference; lastKnownFileType = sourcecode.swift; path = ViewController.swift; sourceTree = "<group>"; };
		3771C3F11D32550E009CB0E4 /* Base */ = {isa = PBXFileReference; lastKnownFileType = file.storyboard; name = Base; path = Base.lproj/Main.storyboard; sourceTree = "<group>"; };
		3771C3F31D32550E009CB0E4 /* Assets.xcassets */ = {isa = PBXFileReference; lastKnownFileType = folder.assetcatalog; path = Assets.xcassets; sourceTree = "<group>"; };
		3771C3F61D32550E009CB0E4 /* Base */ = {isa = PBXFileReference; lastKnownFileType = file.storyboard; name = Base; path = Base.lproj/LaunchScreen.storyboard; sourceTree = "<group>"; };
		3771C3F81D32550E009CB0E4 /* Info.plist */ = {isa = PBXFileReference; lastKnownFileType = text.plist.xml; path = Info.plist; sourceTree = "<group>"; };
		3771C3FD1D32550E009CB0E4 /* TypedChainingOperationsTests.xctest */ = {isa = PBXFileReference; explicitFileType = wrapper.cfbundle; includeInIndex = 0; path = TypedChainingOperationsTests.xctest; sourceTree = BUILT_PRODUCTS_DIR; };
		3771C4011D32550E009CB0E4 /* TypedChainingOperationsTests.swift */ = {isa = PBXFileReference; lastKnownFileType = sourcecode.swift; path = TypedChainingOperationsTests.swift; sourceTree = "<group>"; };
		3771C4031D32550E009CB0E4 /* Info.plist */ = {isa = PBXFileReference; lastKnownFileType = text.plist.xml; path = Info.plist; sourceTree = "<group>"; };
		3771C4811D328D29009CB0E4 /* OperationChain.swift */ = {isa = PBXFileReference; fileEncoding = 4; lastKnownFileType = sourcecode.swift; name = OperationChain.swift; path = ChainingOperations/OperationChain.swift; sourceTree = "<group>"; };
		3771C4831D328D72009CB0E4 /* ChainableOperation.swift */ = {isa = PBXFileReference; fileEncoding = 4; lastKnownFileType = sourcecode.swift; name = ChainableOperation.swift; path = ChainingOperations/ChainableOperation.swift; sourceTree = "<group>"; };
		3771C4871D328EC1009CB0E4 /* TestChainableOperations.swift */ = {isa = PBXFileReference; fileEncoding = 4; lastKnownFileType = sourcecode.swift; path = TestChainableOperations.swift; sourceTree = "<group>"; };
		377CEDE11D7AA018000F6AB2 /* BaseAsynchronousOperation.swift */ = {isa = PBXFileReference; fileEncoding = 4; lastKnownFileType = sourcecode.swift; name = BaseAsynchronousOperation.swift; path = Utils/BaseAsynchronousOperation.swift; sourceTree = "<group>"; };
		377CEDE41D7AA376000F6AB2 /* Result.swift */ = {isa = PBXFileReference; fileEncoding = 4; lastKnownFileType = sourcecode.swift; name = Result.swift; path = Utils/Result.swift; sourceTree = "<group>"; };
		37D4E65F1D3409D60027DAA7 /* OperationQueue+AddOperationChain.swift */ = {isa = PBXFileReference; fileEncoding = 4; lastKnownFileType = sourcecode.swift; name = "OperationQueue+AddOperationChain.swift"; path = "ChainingOperations/Extensions/OperationQueue+AddOperationChain.swift"; sourceTree = "<group>"; };
		37E8770E1D65CEA900BDD779 /* RetrieveArtistFromFileOperation.swift */ = {isa = PBXFileReference; fileEncoding = 4; lastKnownFileType = sourcecode.swift; name = RetrieveArtistFromFileOperation.swift; path = ExampleOperations/RetrieveArtistFromFileOperation.swift; sourceTree = "<group>"; };
		37E877101D65D14C00BDD779 /* GetArtistAlbumsOperation.swift */ = {isa = PBXFileReference; fileEncoding = 4; lastKnownFileType = sourcecode.swift; path = GetArtistAlbumsOperation.swift; sourceTree = "<group>"; };
		37E877121D65D71900BDD779 /* KeyValueService.swift */ = {isa = PBXFileReference; fileEncoding = 4; lastKnownFileType = sourcecode.swift; path = KeyValueService.swift; sourceTree = "<group>"; };
		37E877141D65D73000BDD779 /* KeyValueStore.swift */ = {isa = PBXFileReference; fileEncoding = 4; lastKnownFileType = sourcecode.swift; path = KeyValueStore.swift; sourceTree = "<group>"; };
		37E877161D65D7C100BDD779 /* SaveFavouriteAlbumsOperation.swift */ = {isa = PBXFileReference; fileEncoding = 4; lastKnownFileType = sourcecode.swift; path = SaveFavouriteAlbumsOperation.swift; sourceTree = "<group>"; };
		37E877181D65E13600BDD779 /* FavouriteArtistViewController.swift */ = {isa = PBXFileReference; fileEncoding = 4; lastKnownFileType = sourcecode.swift; path = FavouriteArtistViewController.swift; sourceTree = "<group>"; };
		37E8771A1D65E1A900BDD779 /* FavouriteArtistViewController.xib */ = {isa = PBXFileReference; fileEncoding = 4; lastKnownFileType = file.xib; path = FavouriteArtistViewController.xib; sourceTree = "<group>"; };
		37E8771C1D65E5A000BDD779 /* Album.swift */ = {isa = PBXFileReference; fileEncoding = 4; lastKnownFileType = sourcecode.swift; path = Album.swift; sourceTree = "<group>"; };
		37E8771E1D65E5C100BDD779 /* RequestManager.swift */ = {isa = PBXFileReference; fileEncoding = 4; lastKnownFileType = sourcecode.swift; path = RequestManager.swift; sourceTree = "<group>"; };
		37E877261D65E6DA00BDD779 /* ArtistTableViewCell.swift */ = {isa = PBXFileReference; fileEncoding = 4; lastKnownFileType = sourcecode.swift; path = ArtistTableViewCell.swift; sourceTree = "<group>"; };
/* End PBXFileReference section */

/* Begin PBXFrameworksBuildPhase section */
		3771C3E61D32550D009CB0E4 /* Frameworks */ = {
			isa = PBXFrameworksBuildPhase;
			buildActionMask = 2147483647;
			files = (
			);
			runOnlyForDeploymentPostprocessing = 0;
		};
		3771C3FA1D32550E009CB0E4 /* Frameworks */ = {
			isa = PBXFrameworksBuildPhase;
			buildActionMask = 2147483647;
			files = (
			);
			runOnlyForDeploymentPostprocessing = 0;
		};
/* End PBXFrameworksBuildPhase section */

/* Begin PBXGroup section */
		3771C3E01D32550D009CB0E4 = {
			isa = PBXGroup;
			children = (
				3771C3EB1D32550E009CB0E4 /* TypedChainingOperations */,
				3771C4001D32550E009CB0E4 /* TypedChainingOperationsTests */,
				3771C3EA1D32550D009CB0E4 /* Products */,
			);
			sourceTree = "<group>";
		};
		3771C3EA1D32550D009CB0E4 /* Products */ = {
			isa = PBXGroup;
			children = (
				3771C3E91D32550D009CB0E4 /* TypedChainingOperations.app */,
				3771C3FD1D32550E009CB0E4 /* TypedChainingOperationsTests.xctest */,
			);
			name = Products;
			sourceTree = "<group>";
		};
		3771C3EB1D32550E009CB0E4 /* TypedChainingOperations */ = {
			isa = PBXGroup;
			children = (
				377CEDE31D7AA02D000F6AB2 /* Utils */,
				3771C4801D328CFE009CB0E4 /* ChainingOperations */,
				3771C4871D328EC1009CB0E4 /* TestChainableOperations.swift */,
				37E877201D65E5EE00BDD779 /* Example */,
			);
			path = TypedChainingOperations;
			sourceTree = "<group>";
		};
		3771C4001D32550E009CB0E4 /* TypedChainingOperationsTests */ = {
			isa = PBXGroup;
			children = (
				3771C4011D32550E009CB0E4 /* TypedChainingOperationsTests.swift */,
				3771C4031D32550E009CB0E4 /* Info.plist */,
			);
			path = TypedChainingOperationsTests;
			sourceTree = "<group>";
		};
		3771C4801D328CFE009CB0E4 /* ChainingOperations */ = {
			isa = PBXGroup;
			children = (
				37D4E65E1D3409AC0027DAA7 /* Extensions */,
				3771C4811D328D29009CB0E4 /* OperationChain.swift */,
				3771C4831D328D72009CB0E4 /* ChainableOperation.swift */,
			);
			name = ChainingOperations;
			sourceTree = "<group>";
		};
		377CEDE31D7AA02D000F6AB2 /* Utils */ = {
			isa = PBXGroup;
			children = (
				377CEDE11D7AA018000F6AB2 /* BaseAsynchronousOperation.swift */,
				377CEDE41D7AA376000F6AB2 /* Result.swift */,
			);
			name = Utils;
			sourceTree = "<group>";
		};
		37D4E65E1D3409AC0027DAA7 /* Extensions */ = {
			isa = PBXGroup;
			children = (
				37D4E65F1D3409D60027DAA7 /* OperationQueue+AddOperationChain.swift */,
			);
			name = Extensions;
			sourceTree = "<group>";
		};
		37E877201D65E5EE00BDD779 /* Example */ = {
			isa = PBXGroup;
			children = (
				3771C3EC1D32550E009CB0E4 /* AppDelegate.swift */,
				37E8772A1D65EC1800BDD779 /* Supporting Files */,
				37E877251D65E63900BDD779 /* Operations */,
				37E877221D65E60500BDD779 /* Service */,
				37E877211D65E5FC00BDD779 /* UI */,
				37E877241D65E61600BDD779 /* Model */,
				37E877231D65E61000BDD779 /* Networking */,
			);
			name = Example;
			sourceTree = "<group>";
		};
		37E877211D65E5FC00BDD779 /* UI */ = {
			isa = PBXGroup;
			children = (
				3771C3F51D32550E009CB0E4 /* LaunchScreen.storyboard */,
				3771C3EE1D32550E009CB0E4 /* ViewController.swift */,
				3771C3F01D32550E009CB0E4 /* Main.storyboard */,
				37E877181D65E13600BDD779 /* FavouriteArtistViewController.swift */,
				37E8771A1D65E1A900BDD779 /* FavouriteArtistViewController.xib */,
				37E877261D65E6DA00BDD779 /* ArtistTableViewCell.swift */,
			);
			name = UI;
			sourceTree = "<group>";
		};
		37E877221D65E60500BDD779 /* Service */ = {
			isa = PBXGroup;
			children = (
				37E877121D65D71900BDD779 /* KeyValueService.swift */,
				37E877141D65D73000BDD779 /* KeyValueStore.swift */,
			);
			name = Service;
			sourceTree = "<group>";
		};
		37E877231D65E61000BDD779 /* Networking */ = {
			isa = PBXGroup;
			children = (
				37E8771E1D65E5C100BDD779 /* RequestManager.swift */,
			);
			name = Networking;
			sourceTree = "<group>";
		};
		37E877241D65E61600BDD779 /* Model */ = {
			isa = PBXGroup;
			children = (
				37E8771C1D65E5A000BDD779 /* Album.swift */,
			);
			name = Model;
			sourceTree = "<group>";
		};
		37E877251D65E63900BDD779 /* Operations */ = {
			isa = PBXGroup;
			children = (
				37E877101D65D14C00BDD779 /* GetArtistAlbumsOperation.swift */,
				37E8770E1D65CEA900BDD779 /* RetrieveArtistFromFileOperation.swift */,
				37E877161D65D7C100BDD779 /* SaveFavouriteAlbumsOperation.swift */,
			);
			name = Operations;
			sourceTree = "<group>";
		};
		37E8772A1D65EC1800BDD779 /* Supporting Files */ = {
			isa = PBXGroup;
			children = (
				3771C3F31D32550E009CB0E4 /* Assets.xcassets */,
				3771C3F81D32550E009CB0E4 /* Info.plist */,
			);
			name = "Supporting Files";
			sourceTree = "<group>";
		};
/* End PBXGroup section */

/* Begin PBXNativeTarget section */
		3771C3E81D32550D009CB0E4 /* TypedChainingOperations */ = {
			isa = PBXNativeTarget;
			buildConfigurationList = 3771C4061D32550E009CB0E4 /* Build configuration list for PBXNativeTarget "TypedChainingOperations" */;
			buildPhases = (
				3771C3E51D32550D009CB0E4 /* Sources */,
				3771C3E61D32550D009CB0E4 /* Frameworks */,
				3771C3E71D32550D009CB0E4 /* Resources */,
			);
			buildRules = (
			);
			dependencies = (
			);
			name = TypedChainingOperations;
			productName = TypedChainingOperations;
			productReference = 3771C3E91D32550D009CB0E4 /* TypedChainingOperations.app */;
			productType = "com.apple.product-type.application";
		};
		3771C3FC1D32550E009CB0E4 /* TypedChainingOperationsTests */ = {
			isa = PBXNativeTarget;
			buildConfigurationList = 3771C4091D32550E009CB0E4 /* Build configuration list for PBXNativeTarget "TypedChainingOperationsTests" */;
			buildPhases = (
				3771C3F91D32550E009CB0E4 /* Sources */,
				3771C3FA1D32550E009CB0E4 /* Frameworks */,
				3771C3FB1D32550E009CB0E4 /* Resources */,
			);
			buildRules = (
			);
			dependencies = (
				3771C3FF1D32550E009CB0E4 /* PBXTargetDependency */,
			);
			name = TypedChainingOperationsTests;
			productName = TypedChainingOperationsTests;
			productReference = 3771C3FD1D32550E009CB0E4 /* TypedChainingOperationsTests.xctest */;
			productType = "com.apple.product-type.bundle.unit-test";
		};
/* End PBXNativeTarget section */

/* Begin PBXProject section */
		3771C3E11D32550D009CB0E4 /* Project object */ = {
			isa = PBXProject;
			attributes = {
				LastSwiftUpdateCheck = 0730;
				LastUpgradeCheck = 0730;
				ORGANIZATIONNAME = theappbusiness;
				TargetAttributes = {
					3771C3E81D32550D009CB0E4 = {
						CreatedOnToolsVersion = 7.3.1;
						SystemCapabilities = {
							com.apple.BackgroundModes = {
								enabled = 1;
							};
						};
					};
					3771C3FC1D32550E009CB0E4 = {
						CreatedOnToolsVersion = 7.3.1;
						TestTargetID = 3771C3E81D32550D009CB0E4;
					};
				};
			};
			buildConfigurationList = 3771C3E41D32550D009CB0E4 /* Build configuration list for PBXProject "TypedChainingOperations" */;
			compatibilityVersion = "Xcode 3.2";
			developmentRegion = English;
			hasScannedForEncodings = 0;
			knownRegions = (
				en,
				Base,
			);
			mainGroup = 3771C3E01D32550D009CB0E4;
			productRefGroup = 3771C3EA1D32550D009CB0E4 /* Products */;
			projectDirPath = "";
			projectRoot = "";
			targets = (
				3771C3E81D32550D009CB0E4 /* TypedChainingOperations */,
				3771C3FC1D32550E009CB0E4 /* TypedChainingOperationsTests */,
			);
		};
/* End PBXProject section */

/* Begin PBXResourcesBuildPhase section */
		3771C3E71D32550D009CB0E4 /* Resources */ = {
			isa = PBXResourcesBuildPhase;
			buildActionMask = 2147483647;
			files = (
				3771C3F71D32550E009CB0E4 /* LaunchScreen.storyboard in Resources */,
				3771C3F41D32550E009CB0E4 /* Assets.xcassets in Resources */,
				3771C3F21D32550E009CB0E4 /* Main.storyboard in Resources */,
				37E8771B1D65E1A900BDD779 /* FavouriteArtistViewController.xib in Resources */,
			);
			runOnlyForDeploymentPostprocessing = 0;
		};
		3771C3FB1D32550E009CB0E4 /* Resources */ = {
			isa = PBXResourcesBuildPhase;
			buildActionMask = 2147483647;
			files = (
			);
			runOnlyForDeploymentPostprocessing = 0;
		};
/* End PBXResourcesBuildPhase section */

/* Begin PBXSourcesBuildPhase section */
		3771C3E51D32550D009CB0E4 /* Sources */ = {
			isa = PBXSourcesBuildPhase;
			buildActionMask = 2147483647;
			files = (
				37E877131D65D71900BDD779 /* KeyValueService.swift in Sources */,
				37E877111D65D14C00BDD779 /* GetArtistAlbumsOperation.swift in Sources */,
				37E877151D65D73000BDD779 /* KeyValueStore.swift in Sources */,
				37E877191D65E13600BDD779 /* FavouriteArtistViewController.swift in Sources */,
				3771C4881D328EC1009CB0E4 /* TestChainableOperations.swift in Sources */,
				3771C3EF1D32550E009CB0E4 /* ViewController.swift in Sources */,
				37E877281D65E6DA00BDD779 /* ArtistTableViewCell.swift in Sources */,
				37E8771D1D65E5A000BDD779 /* Album.swift in Sources */,
				3771C4821D328D29009CB0E4 /* OperationChain.swift in Sources */,
				37E877171D65D7C100BDD779 /* SaveFavouriteAlbumsOperation.swift in Sources */,
				37E8770F1D65CEA900BDD779 /* RetrieveArtistFromFileOperation.swift in Sources */,
				3771C4841D328D72009CB0E4 /* ChainableOperation.swift in Sources */,
				37D4E6601D3409D60027DAA7 /* OperationQueue+AddOperationChain.swift in Sources */,
				377CEDE21D7AA018000F6AB2 /* BaseAsynchronousOperation.swift in Sources */,
				377CEDE51D7AA376000F6AB2 /* Result.swift in Sources */,
				37E8771F1D65E5C100BDD779 /* RequestManager.swift in Sources */,
				3771C3ED1D32550E009CB0E4 /* AppDelegate.swift in Sources */,
			);
			runOnlyForDeploymentPostprocessing = 0;
		};
		3771C3F91D32550E009CB0E4 /* Sources */ = {
			isa = PBXSourcesBuildPhase;
			buildActionMask = 2147483647;
			files = (
				3771C4021D32550E009CB0E4 /* TypedChainingOperationsTests.swift in Sources */,
			);
			runOnlyForDeploymentPostprocessing = 0;
		};
/* End PBXSourcesBuildPhase section */

/* Begin PBXTargetDependency section */
		3771C3FF1D32550E009CB0E4 /* PBXTargetDependency */ = {
			isa = PBXTargetDependency;
			target = 3771C3E81D32550D009CB0E4 /* TypedChainingOperations */;
			targetProxy = 3771C3FE1D32550E009CB0E4 /* PBXContainerItemProxy */;
		};
/* End PBXTargetDependency section */

/* Begin PBXVariantGroup section */
		3771C3F01D32550E009CB0E4 /* Main.storyboard */ = {
			isa = PBXVariantGroup;
			children = (
				3771C3F11D32550E009CB0E4 /* Base */,
			);
			name = Main.storyboard;
			sourceTree = "<group>";
		};
		3771C3F51D32550E009CB0E4 /* LaunchScreen.storyboard */ = {
			isa = PBXVariantGroup;
			children = (
				3771C3F61D32550E009CB0E4 /* Base */,
			);
			name = LaunchScreen.storyboard;
			sourceTree = "<group>";
		};
/* End PBXVariantGroup section */

/* Begin XCBuildConfiguration section */
		3771C4041D32550E009CB0E4 /* Debug */ = {
			isa = XCBuildConfiguration;
			buildSettings = {
				ALWAYS_SEARCH_USER_PATHS = NO;
				CLANG_ANALYZER_NONNULL = YES;
				CLANG_CXX_LANGUAGE_STANDARD = "gnu++0x";
				CLANG_CXX_LIBRARY = "libc++";
				CLANG_ENABLE_MODULES = YES;
				CLANG_ENABLE_OBJC_ARC = YES;
				CLANG_WARN_BOOL_CONVERSION = YES;
				CLANG_WARN_CONSTANT_CONVERSION = YES;
				CLANG_WARN_DIRECT_OBJC_ISA_USAGE = YES_ERROR;
				CLANG_WARN_EMPTY_BODY = YES;
				CLANG_WARN_ENUM_CONVERSION = YES;
				CLANG_WARN_INT_CONVERSION = YES;
				CLANG_WARN_OBJC_ROOT_CLASS = YES_ERROR;
				CLANG_WARN_UNREACHABLE_CODE = YES;
				CLANG_WARN__DUPLICATE_METHOD_MATCH = YES;
				"CODE_SIGN_IDENTITY[sdk=iphoneos*]" = "iPhone Developer";
				COPY_PHASE_STRIP = NO;
				DEBUG_INFORMATION_FORMAT = dwarf;
				ENABLE_STRICT_OBJC_MSGSEND = YES;
				ENABLE_TESTABILITY = YES;
				GCC_C_LANGUAGE_STANDARD = gnu99;
				GCC_DYNAMIC_NO_PIC = NO;
				GCC_NO_COMMON_BLOCKS = YES;
				GCC_OPTIMIZATION_LEVEL = 0;
				GCC_PREPROCESSOR_DEFINITIONS = (
					"DEBUG=1",
					"$(inherited)",
				);
				GCC_WARN_64_TO_32_BIT_CONVERSION = YES;
				GCC_WARN_ABOUT_RETURN_TYPE = YES_ERROR;
				GCC_WARN_UNDECLARED_SELECTOR = YES;
				GCC_WARN_UNINITIALIZED_AUTOS = YES_AGGRESSIVE;
				GCC_WARN_UNUSED_FUNCTION = YES;
				GCC_WARN_UNUSED_VARIABLE = YES;
				IPHONEOS_DEPLOYMENT_TARGET = 9.3;
				MTL_ENABLE_DEBUG_INFO = YES;
				ONLY_ACTIVE_ARCH = YES;
				SDKROOT = iphoneos;
				SWIFT_OPTIMIZATION_LEVEL = "-Onone";
			};
			name = Debug;
		};
		3771C4051D32550E009CB0E4 /* Release */ = {
			isa = XCBuildConfiguration;
			buildSettings = {
				ALWAYS_SEARCH_USER_PATHS = NO;
				CLANG_ANALYZER_NONNULL = YES;
				CLANG_CXX_LANGUAGE_STANDARD = "gnu++0x";
				CLANG_CXX_LIBRARY = "libc++";
				CLANG_ENABLE_MODULES = YES;
				CLANG_ENABLE_OBJC_ARC = YES;
				CLANG_WARN_BOOL_CONVERSION = YES;
				CLANG_WARN_CONSTANT_CONVERSION = YES;
				CLANG_WARN_DIRECT_OBJC_ISA_USAGE = YES_ERROR;
				CLANG_WARN_EMPTY_BODY = YES;
				CLANG_WARN_ENUM_CONVERSION = YES;
				CLANG_WARN_INT_CONVERSION = YES;
				CLANG_WARN_OBJC_ROOT_CLASS = YES_ERROR;
				CLANG_WARN_UNREACHABLE_CODE = YES;
				CLANG_WARN__DUPLICATE_METHOD_MATCH = YES;
				"CODE_SIGN_IDENTITY[sdk=iphoneos*]" = "iPhone Developer";
				COPY_PHASE_STRIP = NO;
				DEBUG_INFORMATION_FORMAT = "dwarf-with-dsym";
				ENABLE_NS_ASSERTIONS = NO;
				ENABLE_STRICT_OBJC_MSGSEND = YES;
				GCC_C_LANGUAGE_STANDARD = gnu99;
				GCC_NO_COMMON_BLOCKS = YES;
				GCC_WARN_64_TO_32_BIT_CONVERSION = YES;
				GCC_WARN_ABOUT_RETURN_TYPE = YES_ERROR;
				GCC_WARN_UNDECLARED_SELECTOR = YES;
				GCC_WARN_UNINITIALIZED_AUTOS = YES_AGGRESSIVE;
				GCC_WARN_UNUSED_FUNCTION = YES;
				GCC_WARN_UNUSED_VARIABLE = YES;
				IPHONEOS_DEPLOYMENT_TARGET = 9.3;
				MTL_ENABLE_DEBUG_INFO = NO;
				SDKROOT = iphoneos;
				VALIDATE_PRODUCT = YES;
			};
			name = Release;
		};
		3771C4071D32550E009CB0E4 /* Debug */ = {
			isa = XCBuildConfiguration;
			buildSettings = {
				ASSETCATALOG_COMPILER_APPICON_NAME = AppIcon;
				INFOPLIST_FILE = TypedChainingOperations/Info.plist;
				LD_RUNPATH_SEARCH_PATHS = "$(inherited) @executable_path/Frameworks";
				PRODUCT_BUNDLE_IDENTIFIER = com.theappbusiness.TypedChainingOperations;
				PRODUCT_NAME = "$(TARGET_NAME)";
			};
			name = Debug;
		};
		3771C4081D32550E009CB0E4 /* Release */ = {
			isa = XCBuildConfiguration;
			buildSettings = {
				ASSETCATALOG_COMPILER_APPICON_NAME = AppIcon;
				INFOPLIST_FILE = TypedChainingOperations/Info.plist;
				LD_RUNPATH_SEARCH_PATHS = "$(inherited) @executable_path/Frameworks";
				PRODUCT_BUNDLE_IDENTIFIER = com.theappbusiness.TypedChainingOperations;
				PRODUCT_NAME = "$(TARGET_NAME)";
			};
			name = Release;
		};
		3771C40A1D32550E009CB0E4 /* Debug */ = {
			isa = XCBuildConfiguration;
			buildSettings = {
				BUNDLE_LOADER = "$(TEST_HOST)";
				INFOPLIST_FILE = TypedChainingOperationsTests/Info.plist;
				LD_RUNPATH_SEARCH_PATHS = "$(inherited) @executable_path/Frameworks @loader_path/Frameworks";
				PRODUCT_BUNDLE_IDENTIFIER = com.theappbusiness.TypedChainingOperationsTests;
				PRODUCT_NAME = "$(TARGET_NAME)";
				TEST_HOST = "$(BUILT_PRODUCTS_DIR)/TypedChainingOperations.app/TypedChainingOperations";
			};
			name = Debug;
		};
		3771C40B1D32550E009CB0E4 /* Release */ = {
			isa = XCBuildConfiguration;
			buildSettings = {
				BUNDLE_LOADER = "$(TEST_HOST)";
				INFOPLIST_FILE = TypedChainingOperationsTests/Info.plist;
				LD_RUNPATH_SEARCH_PATHS = "$(inherited) @executable_path/Frameworks @loader_path/Frameworks";
				PRODUCT_BUNDLE_IDENTIFIER = com.theappbusiness.TypedChainingOperationsTests;
				PRODUCT_NAME = "$(TARGET_NAME)";
				TEST_HOST = "$(BUILT_PRODUCTS_DIR)/TypedChainingOperations.app/TypedChainingOperations";
			};
			name = Release;
		};
/* End XCBuildConfiguration section */

/* Begin XCConfigurationList section */
		3771C3E41D32550D009CB0E4 /* Build configuration list for PBXProject "TypedChainingOperations" */ = {
			isa = XCConfigurationList;
			buildConfigurations = (
				3771C4041D32550E009CB0E4 /* Debug */,
				3771C4051D32550E009CB0E4 /* Release */,
			);
			defaultConfigurationIsVisible = 0;
			defaultConfigurationName = Release;
		};
		3771C4061D32550E009CB0E4 /* Build configuration list for PBXNativeTarget "TypedChainingOperations" */ = {
			isa = XCConfigurationList;
			buildConfigurations = (
				3771C4071D32550E009CB0E4 /* Debug */,
				3771C4081D32550E009CB0E4 /* Release */,
			);
			defaultConfigurationIsVisible = 0;
			defaultConfigurationName = Release;
		};
		3771C4091D32550E009CB0E4 /* Build configuration list for PBXNativeTarget "TypedChainingOperationsTests" */ = {
			isa = XCConfigurationList;
			buildConfigurations = (
				3771C40A1D32550E009CB0E4 /* Debug */,
				3771C40B1D32550E009CB0E4 /* Release */,
			);
			defaultConfigurationIsVisible = 0;
			defaultConfigurationName = Release;
		};
/* End XCConfigurationList section */
	};
	rootObject = 3771C3E11D32550D009CB0E4 /* Project object */;
}
